
Microsoft Visual Studio Solution File, Format Version 12.00
# Visual Studio Version 18
VisualStudioVersion = 18.2.11415.280 d18.0
MinimumVisualStudioVersion = 10.0.40219.1
Project("{E24C65DC-7377-472B-9ABA-BC803B73C61A}") = "Site", "Site\", "{E0DE262A-EF7F-4970-B31D-F18C3CE7CBC1}"
	ProjectSection(WebsiteProperties) = preProject
		SccProjectName = ""
		SccAuxPath = ""
		SccLocalPath = ""
		SccProvider = ""
		TargetFrameworkMoniker = ".NETFramework,Version%3Dv4.7.2"
		ProjectReferences = "{8192EECB-F2F1-4753-A29F-246F7E2973BF}|OfficeWebUI.dll;{508826FC-7C7E-4B72-B7FE-88D2DF5A6B59}|Venus.Shared.dll;{5687f571-e48b-4158-81bb-21801599a8b7}|Venus.Application.SystemFiles.System.dll;{7651331C-9D05-4F7F-B28A-09EDCF403698}|Venus.Shared.Web.dll;{3a5a8cdd-70bf-4e8c-8755-3b327864c623}|Venus.Application.SystemFiles.HumanResource.dll;"
		Debug.AspNetCompiler.VirtualPath = "/Site"
		Debug.AspNetCompiler.PhysicalPath = "Site\"
		Debug.AspNetCompiler.TargetPath = "PrecompiledWeb\Site\"
		Debug.AspNetCompiler.Updateable = "true"
		Debug.AspNetCompiler.ForceOverwrite = "true"
		Debug.AspNetCompiler.FixedNames = "false"
		Debug.AspNetCompiler.Debug = "True"
		Release.AspNetCompiler.VirtualPath = "/Site"
		Release.AspNetCompiler.PhysicalPath = "Site\"
		Release.AspNetCompiler.TargetPath = "PrecompiledWeb\Site\"
		Release.AspNetCompiler.Updateable = "true"
		Release.AspNetCompiler.ForceOverwrite = "true"
		Release.AspNetCompiler.FixedNames = "false"
		Release.AspNetCompiler.Debug = "False"
		VWDPort = "40991"
		SlnRelativePath = "Site\"
	EndProjectSection
EndProject
Project("{F184B08F-C81C-45F6-A57F-5ABD9991F28F}") = "Venus.Application.SystemFiles.System", "ClsProject\Venus.Application.SystemFiles.System\Venus.Application.SystemFiles.System.vbproj", "{5687F571-E48B-4158-81BB-21801599A8B7}"
EndProject
Project("{F184B08F-C81C-45F6-A57F-5ABD9991F28F}") = "Venus.shared", "ClsProject\Venus.Sared\Venus.shared.vbproj", "{508826FC-7C7E-4B72-B7FE-88D2DF5A6B59}"
EndProject
Project("{F184B08F-C81C-45F6-A57F-5ABD9991F28F}") = "Venus.Shared.Web", "ClsProject\Venus.Shared.Web\Venus.Shared.Web.vbproj", "{7651331C-9D05-4F7F-B28A-09EDCF403698}"
EndProject
Project("{F184B08F-C81C-45F6-A57F-5ABD9991F28F}") = "Venus.Application.SystemFiles.HumanResource", "ClsProject\Venus.Application.SystemFiles.HumanResource\Venus.Application.SystemFiles.HumanResource.vbproj", "{3A5A8CDD-70BF-4E8C-8755-3B327864C623}"
EndProject
Project("{FAE04EC0-301F-11D3-BF4B-00C04F79EFBC}") = "OfficeWebUI", "ClsProject\OfficeWebUI\OfficeWebUI.csproj", "{8192EECB-F2F1-4753-A29F-246F7E2973BF}"
EndProject
Project("{2150E333-8FDC-42A3-9474-1A3956D46DE8}") = "DLLs", "DLLs", "{3DF9EFF9-3290-4FE9-A18F-D94672843C70}"
	ProjectSection(SolutionItems) = preProject
		Dlls\Ajax.dll = Dlls\Ajax.dll
		Dlls\C1.Web.Wijmo.Controls.3.dll = Dlls\C1.Web.Wijmo.Controls.3.dll
		Dlls\EPPlus.dll = Dlls\EPPlus.dll
		Dlls\EPPlus.dll.refresh = Dlls\EPPlus.dll.refresh
		Dlls\EPPlus.Interfaces.dll = Dlls\EPPlus.Interfaces.dll
		Dlls\EPPlus.Interfaces.dll.refresh = Dlls\EPPlus.Interfaces.dll.refresh
		Dlls\EPPlus.System.Drawing.dll = Dlls\EPPlus.System.Drawing.dll
		Dlls\Infragistics35.Web.jQuery.v11.1.dll = Dlls\Infragistics35.Web.jQuery.v11.1.dll
		Dlls\Infragistics35.Web.v11.1.dll = Dlls\Infragistics35.Web.v11.1.dll
		Dlls\Infragistics35.WebUI.Documents.Core.v11.1.dll = Dlls\Infragistics35.WebUI.Documents.Core.v11.1.dll
		Dlls\Infragistics35.WebUI.Documents.Excel.v11.1.dll = Dlls\Infragistics35.WebUI.Documents.Excel.v11.1.dll
		Dlls\Infragistics35.WebUI.Documents.IO.v11.1.dll = Dlls\Infragistics35.WebUI.Documents.IO.v11.1.dll
		Dlls\Infragistics35.WebUI.Documents.Reports.v11.1.dll = Dlls\Infragistics35.WebUI.Documents.Reports.v11.1.dll
		Dlls\Infragistics35.WebUI.Documents.Word.v11.1.dll = Dlls\Infragistics35.WebUI.Documents.Word.v11.1.dll
		Dlls\Infragistics35.WebUI.Misc.v11.1.dll = Dlls\Infragistics35.WebUI.Misc.v11.1.dll
		Dlls\Infragistics35.WebUI.Shared.v11.1.dll = Dlls\Infragistics35.WebUI.Shared.v11.1.dll
		Dlls\Infragistics35.WebUI.UltraWebCalcManager.v11.1.dll = Dlls\Infragistics35.WebUI.UltraWebCalcManager.v11.1.dll
		Dlls\Infragistics35.WebUI.UltraWebChart.v11.1.dll = Dlls\Infragistics35.WebUI.UltraWebChart.v11.1.dll
		Dlls\Infragistics35.WebUI.UltraWebGauge.v11.1.dll = Dlls\Infragistics35.WebUI.UltraWebGauge.v11.1.dll
		Dlls\Infragistics35.WebUI.UltraWebGrid.DocumentExport.v11.1.dll = Dlls\Infragistics35.WebUI.UltraWebGrid.DocumentExport.v11.1.dll
		Dlls\Infragistics35.WebUI.UltraWebGrid.ExcelExport.v11.1.dll = Dlls\Infragistics35.WebUI.UltraWebGrid.ExcelExport.v11.1.dll
		Dlls\Infragistics35.WebUI.UltraWebGrid.v11.1.dll = Dlls\Infragistics35.WebUI.UltraWebGrid.v11.1.dll
		Dlls\Infragistics35.WebUI.UltraWebListbar.v11.1.dll = Dlls\Infragistics35.WebUI.UltraWebListbar.v11.1.dll
		Dlls\Infragistics35.WebUI.UltraWebNavigator.v11.1.dll = Dlls\Infragistics35.WebUI.UltraWebNavigator.v11.1.dll
		Dlls\Infragistics35.WebUI.UltraWebTab.v11.1.dll = Dlls\Infragistics35.WebUI.UltraWebTab.v11.1.dll
		Dlls\Infragistics35.WebUI.UltraWebToolbar.v11.1.dll = Dlls\Infragistics35.WebUI.UltraWebToolbar.v11.1.dll
		Dlls\Infragistics35.WebUI.WebCombo.v11.1.dll = Dlls\Infragistics35.WebUI.WebCombo.v11.1.dll
		Dlls\Infragistics35.WebUI.WebDataInput.v11.1.dll = Dlls\Infragistics35.WebUI.WebDataInput.v11.1.dll
		Dlls\Infragistics35.WebUI.WebDateChooser.v11.1.dll = Dlls\Infragistics35.WebUI.WebDateChooser.v11.1.dll
		Dlls\Infragistics35.WebUI.WebHtmlEditor.v11.1.dll = Dlls\Infragistics35.WebUI.WebHtmlEditor.v11.1.dll
		Dlls\Infragistics35.WebUI.WebNavBar.v11.1.dll = Dlls\Infragistics35.WebUI.WebNavBar.v11.1.dll
		Dlls\Infragistics35.WebUI.WebResizingExtender.v11.1.dll = Dlls\Infragistics35.WebUI.WebResizingExtender.v11.1.dll
		Dlls\Infragistics35.WebUI.WebSchedule.v11.1.dll = Dlls\Infragistics35.WebUI.WebSchedule.v11.1.dll
		Dlls\Infragistics35.WebUI.WebScheduleDataProvider.v11.1.dll = Dlls\Infragistics35.WebUI.WebScheduleDataProvider.v11.1.dll
		Dlls\Infragistics35.WebUI.WebSpellChecker.v11.1.dll = Dlls\Infragistics35.WebUI.WebSpellChecker.v11.1.dll
		Dlls\Microsoft.ApplicationBlocks.Data.dll = Dlls\Microsoft.ApplicationBlocks.Data.dll
		Dlls\Stimulsoft.Base.dll = Dlls\Stimulsoft.Base.dll
		Dlls\Stimulsoft.Base.dll.refresh = Dlls\Stimulsoft.Base.dll.refresh
		Dlls\Stimulsoft.Report.dll = Dlls\Stimulsoft.Report.dll
		Dlls\Stimulsoft.Report.dll.refresh = Dlls\Stimulsoft.Report.dll.refresh
		Dlls\Stimulsoft.Report.Web.dll = Dlls\Stimulsoft.Report.Web.dll
		Dlls\Stimulsoft.Report.Web.dll.refresh = Dlls\Stimulsoft.Report.Web.dll.refresh
		Dlls\Venus.Shared.Errors.dll = Dlls\Venus.Shared.Errors.dll
		Dlls\Venus.Shared.Security.dll = Dlls\Venus.Shared.Security.dll
	EndProjectSection
EndProject
Global
	GlobalSection(SolutionConfigurationPlatforms) = preSolution
		Debug|Any CPU = Debug|Any CPU
		Debug|x64 = Debug|x64
		Release|Any CPU = Release|Any CPU
		Release|x64 = Release|x64
	EndGlobalSection
	GlobalSection(ProjectConfigurationPlatforms) = postSolution
		{E0DE262A-EF7F-4970-B31D-F18C3CE7CBC1}.Debug|Any CPU.ActiveCfg = Debug|Any CPU
		{E0DE262A-EF7F-4970-B31D-F18C3CE7CBC1}.Debug|x64.ActiveCfg = Debug|Any CPU
		{E0DE262A-EF7F-4970-B31D-F18C3CE7CBC1}.Release|Any CPU.ActiveCfg = Release|Any CPU
		{E0DE262A-EF7F-4970-B31D-F18C3CE7CBC1}.Release|Any CPU.Build.0 = Release|Any CPU
		{E0DE262A-EF7F-4970-B31D-F18C3CE7CBC1}.Release|x64.ActiveCfg = Release|Any CPU
		{E0DE262A-EF7F-4970-B31D-F18C3CE7CBC1}.Release|x64.Build.0 = Release|Any CPU
		{5687F571-E48B-4158-81BB-21801599A8B7}.Debug|Any CPU.ActiveCfg = Debug|Any CPU
		{5687F571-E48B-4158-81BB-21801599A8B7}.Debug|Any CPU.Build.0 = Debug|Any CPU
		{5687F571-E48B-4158-81BB-21801599A8B7}.Debug|x64.ActiveCfg = Debug|Any CPU
		{5687F571-E48B-4158-81BB-21801599A8B7}.Release|Any CPU.ActiveCfg = Release|Any CPU
		{5687F571-E48B-4158-81BB-21801599A8B7}.Release|Any CPU.Build.0 = Release|Any CPU
		{5687F571-E48B-4158-81BB-21801599A8B7}.Release|x64.ActiveCfg = Release|Any CPU
		{5687F571-E48B-4158-81BB-21801599A8B7}.Release|x64.Build.0 = Release|Any CPU
		{508826FC-7C7E-4B72-B7FE-88D2DF5A6B59}.Debug|Any CPU.ActiveCfg = Debug|Any CPU
		{508826FC-7C7E-4B72-B7FE-88D2DF5A6B59}.Debug|Any CPU.Build.0 = Debug|Any CPU
		{508826FC-7C7E-4B72-B7FE-88D2DF5A6B59}.Debug|x64.ActiveCfg = Debug|Any CPU
		{508826FC-7C7E-4B72-B7FE-88D2DF5A6B59}.Debug|x64.Build.0 = Debug|Any CPU
		{508826FC-7C7E-4B72-B7FE-88D2DF5A6B59}.Release|Any CPU.ActiveCfg = Release|Any CPU
		{508826FC-7C7E-4B72-B7FE-88D2DF5A6B59}.Release|Any CPU.Build.0 = Release|Any CPU
		{508826FC-7C7E-4B72-B7FE-88D2DF5A6B59}.Release|x64.ActiveCfg = Release|Any CPU
		{508826FC-7C7E-4B72-B7FE-88D2DF5A6B59}.Release|x64.Build.0 = Release|Any CPU
		{7651331C-9D05-4F7F-B28A-09EDCF403698}.Debug|Any CPU.ActiveCfg = Debug|Any CPU
		{7651331C-9D05-4F7F-B28A-09EDCF403698}.Debug|Any CPU.Build.0 = Debug|Any CPU
		{7651331C-9D05-4F7F-B28A-09EDCF403698}.Debug|x64.ActiveCfg = Debug|Any CPU
		{7651331C-9D05-4F7F-B28A-09EDCF403698}.Debug|x64.Build.0 = Debug|Any CPU
		{7651331C-9D05-4F7F-B28A-09EDCF403698}.Release|Any CPU.ActiveCfg = Release|Any CPU
		{7651331C-9D05-4F7F-B28A-09EDCF403698}.Release|Any CPU.Build.0 = Release|Any CPU
		{7651331C-9D05-4F7F-B28A-09EDCF403698}.Release|x64.ActiveCfg = Release|Any CPU
		{7651331C-9D05-4F7F-B28A-09EDCF403698}.Release|x64.Build.0 = Release|Any CPU
		{3A5A8CDD-70BF-4E8C-8755-3B327864C623}.Debug|Any CPU.ActiveCfg = Debug|Any CPU
		{3A5A8CDD-70BF-4E8C-8755-3B327864C623}.Debug|Any CPU.Build.0 = Debug|Any CPU
		{3A5A8CDD-70BF-4E8C-8755-3B327864C623}.Debug|x64.ActiveCfg = Debug|Any CPU
		{3A5A8CDD-70BF-4E8C-8755-3B327864C623}.Release|Any CPU.ActiveCfg = Release|Any CPU
		{3A5A8CDD-70BF-4E8C-8755-3B327864C623}.Release|Any CPU.Build.0 = Release|Any CPU
		{3A5A8CDD-70BF-4E8C-8755-3B327864C623}.Release|x64.ActiveCfg = Release|Any CPU
		{3A5A8CDD-70BF-4E8C-8755-3B327864C623}.Release|x64.Build.0 = Release|Any CPU
		{8192EECB-F2F1-4753-A29F-246F7E2973BF}.Debug|Any CPU.ActiveCfg = Debug|Any CPU
		{8192EECB-F2F1-4753-A29F-246F7E2973BF}.Debug|Any CPU.Build.0 = Debug|Any CPU
		{8192EECB-F2F1-4753-A29F-246F7E2973BF}.Debug|x64.ActiveCfg = Debug|Any CPU
		{8192EECB-F2F1-4753-A29F-246F7E2973BF}.Debug|x64.Build.0 = Debug|Any CPU
		{8192EECB-F2F1-4753-A29F-246F7E2973BF}.Release|Any CPU.ActiveCfg = Release|Any CPU
		{8192EECB-F2F1-4753-A29F-246F7E2973BF}.Release|Any CPU.Build.0 = Release|Any CPU
		{8192EECB-F2F1-4753-A29F-246F7E2973BF}.Release|x64.ActiveCfg = Release|Any CPU
		{8192EECB-F2F1-4753-A29F-246F7E2973BF}.Release|x64.Build.0 = Release|Any CPU
	EndGlobalSection
	GlobalSection(SolutionProperties) = preSolution
		HideSolutionNode = FALSE
	EndGlobalSection
	GlobalSection(ExtensibilityGlobals) = postSolution
		SolutionGuid = {DFAD1EE4-FEB4-47B1-9EA2-B85B070D1AF3}
	EndGlobalSection
EndGlobal
